// !$*UTF8*$!
{
	archiveVersion = 1;
	classes = {
	};
	objectVersion = 56;
	objects = {

/* Begin PBXBuildFile section */
		FB41909029BC2DB200970F6B /* main.swift in Sources */ = {isa = PBXBuildFile; fileRef = FB41908F29BC2DB200970F6B /* main.swift */; };
		FB41909729BC2DCE00970F6B /* Chargeable.swift in Sources */ = {isa = PBXBuildFile; fileRef = FB41909629BC2DCE00970F6B /* Chargeable.swift */; };
		FB41909929BC2E4900970F6B /* MacBook.swift in Sources */ = {isa = PBXBuildFile; fileRef = FB41909829BC2E4900970F6B /* MacBook.swift */; };
		FB41909B29BC311D00970F6B /* Charger.swift in Sources */ = {isa = PBXBuildFile; fileRef = FB41909A29BC311D00970F6B /* Charger.swift */; };
		FB41909D29BC349A00970F6B /* Portable.swift in Sources */ = {isa = PBXBuildFile; fileRef = FB41909C29BC349A00970F6B /* Portable.swift */; };
/* End PBXBuildFile section */

/* Begin PBXCopyFilesBuildPhase section */
		FB41908A29BC2DB200970F6B /* CopyFiles */ = {
			isa = PBXCopyFilesBuildPhase;
			buildActionMask = 2147483647;
			dstPath = /usr/share/man/man1/;
			dstSubfolderSpec = 0;
			files = (
			);
			runOnlyForDeploymentPostprocessing = 1;
		};
/* End PBXCopyFilesBuildPhase section */

/* Begin PBXFileReference section */
		FB41908C29BC2DB200970F6B /* POP_test */ = {isa = PBXFileReference; explicitFileType = "compiled.mach-o.executable"; includeInIndex = 0; path = POP_test; sourceTree = BUILT_PRODUCTS_DIR; };
		FB41908F29BC2DB200970F6B /* main.swift */ = {isa = PBXFileReference; lastKnownFileType = sourcecode.swift; path = main.swift; sourceTree = "<group>"; };
		FB41909629BC2DCE00970F6B /* Chargeable.swift */ = {isa = PBXFileReference; lastKnownFileType = sourcecode.swift; path = Chargeable.swift; sourceTree = "<group>"; };
		FB41909829BC2E4900970F6B /* MacBook.swift */ = {isa = PBXFileReference; lastKnownFileType = sourcecode.swift; path = MacBook.swift; sourceTree = "<group>"; };
		FB41909A29BC311D00970F6B /* Charger.swift */ = {isa = PBXFileReference; lastKnownFileType = sourcecode.swift; path = Charger.swift; sourceTree = "<group>"; };
		FB41909C29BC349A00970F6B /* Portable.swift */ = {isa = PBXFileReference; lastKnownFileType = sourcecode.swift; path = Portable.swift; sourceTree = "<group>"; };
/* End PBXFileReference section */

/* Begin PBXFrameworksBuildPhase section */
		FB41908929BC2DB200970F6B /* Frameworks */ = {
			isa = PBXFrameworksBuildPhase;
			buildActionMask = 2147483647;
			files = (
			);
			runOnlyForDeploymentPostprocessing = 0;
		};
/* End PBXFrameworksBuildPhase section */

/* Begin PBXGroup section */
		FB41908329BC2DB200970F6B = {
			isa = PBXGroup;
			children = (
				FB41908E29BC2DB200970F6B /* POP_test */,
				FB41908D29BC2DB200970F6B /* Products */,
			);
			sourceTree = "<group>";
		};
		FB41908D29BC2DB200970F6B /* Products */ = {
			isa = PBXGroup;
			children = (
				FB41908C29BC2DB200970F6B /* POP_test */,
			);
			name = Products;
			sourceTree = "<group>";
		};
		FB41908E29BC2DB200970F6B /* POP_test */ = {
			isa = PBXGroup;
			children = (
				FB41908F29BC2DB200970F6B /* main.swift */,
				FB41909629BC2DCE00970F6B /* Chargeable.swift */,
				FB41909829BC2E4900970F6B /* MacBook.swift */,
				FB41909A29BC311D00970F6B /* Charger.swift */,
				FB41909C29BC349A00970F6B /* Portable.swift */,
			);
			path = POP_test;
			sourceTree = "<group>";
		};
/* End PBXGroup section */

/* Begin PBXNativeTarget section */
		FB41908B29BC2DB200970F6B /* POP_test */ = {
			isa = PBXNativeTarget;
			buildConfigurationList = FB41909329BC2DB200970F6B /* Build configuration list for PBXNativeTarget "POP_test" */;
			buildPhases = (
				FB41908829BC2DB200970F6B /* Sources */,
				FB41908929BC2DB200970F6B /* Frameworks */,
				FB41908A29BC2DB200970F6B /* CopyFiles */,
			);
			buildRules = (
			);
			dependencies = (
			);
			name = POP_test;
			productName = POP_test;
			productReference = FB41908C29BC2DB200970F6B /* POP_test */;
			productType = "com.apple.product-type.tool";
		};
/* End PBXNativeTarget section */

/* Begin PBXProject section */
		FB41908429BC2DB200970F6B /* Project object */ = {
			isa = PBXProject;
			attributes = {
				BuildIndependentTargetsInParallel = 1;
				LastSwiftUpdateCheck = 1420;
				LastUpgradeCheck = 1420;
				TargetAttributes = {
					FB41908B29BC2DB200970F6B = {
						CreatedOnToolsVersion = 14.2;
					};
				};
			};
			buildConfigurationList = FB41908729BC2DB200970F6B /* Build configuration list for PBXProject "POP_test" */;
			compatibilityVersion = "Xcode 14.0";
			developmentRegion = en;
			hasScannedForEncodings = 0;
			knownRegions = (
				en,
				Base,
			);
			mainGroup = FB41908329BC2DB200970F6B;
			productRefGroup = FB41908D29BC2DB200970F6B /* Products */;
			projectDirPath = "";
			projectRoot = "";
			targets = (
				FB41908B29BC2DB200970F6B /* POP_test */,
			);
		};
/* End PBXProject section */

/* Begin PBXSourcesBuildPhase section */
		FB41908829BC2DB200970F6B /* Sources */ = {
			isa = PBXSourcesBuildPhase;
			buildActionMask = 2147483647;
			files = (
				FB41909029BC2DB200970F6B /* main.swift in Sources */,
				FB41909929BC2E4900970F6B /* MacBook.swift in Sources */,
				FB41909B29BC311D00970F6B /* Charger.swift in Sources */,
				FB41909729BC2DCE00970F6B /* Chargeable.swift in Sources */,
				FB41909D29BC349A00970F6B /* Portable.swift in Sources */,
			);
			runOnlyForDeploymentPostprocessing = 0;
		};
/* End PBXSourcesBuildPhase section */

/* Begin XCBuildConfiguration section */
		FB41909129BC2DB200970F6B /* Debug */ = {
			isa = XCBuildConfiguration;
			buildSettings = {
				ALWAYS_SEARCH_USER_PATHS = NO;
				CLANG_ANALYZER_NONNULL = YES;
				CLANG_ANALYZER_NUMBER_OBJECT_CONVERSION = YES_AGGRESSIVE;
				CLANG_CXX_LANGUAGE_STANDARD = "gnu++20";
				CLANG_ENABLE_MODULES = YES;
				CLANG_ENABLE_OBJC_ARC = YES;
				CLANG_ENABLE_OBJC_WEAK = YES;
				CLANG_WARN_BLOCK_CAPTURE_AUTORELEASING = YES;
				CLANG_WARN_BOOL_CONVERSION = YES;
				CLANG_WARN_COMMA = YES;
				CLANG_WARN_CONSTANT_CONVERSION = YES;
				CLANG_WARN_DEPRECATED_OBJC_IMPLEMENTATIONS = YES;
				CLANG_WARN_DIRECT_OBJC_ISA_USAGE = YES_ERROR;
				CLANG_WARN_DOCUMENTATION_COMMENTS = YES;
				CLANG_WARN_EMPTY_BODY = YES;
				CLANG_WARN_ENUM_CONVERSION = YES;
				CLANG_WARN_INFINITE_RECURSION = YES;
				CLANG_WARN_INT_CONVERSION = YES;
				CLANG_WARN_NON_LITERAL_NULL_CONVERSION = YES;
				CLANG_WARN_OBJC_IMPLICIT_RETAIN_SELF = YES;
				CLANG_WARN_OBJC_LITERAL_CONVERSION = YES;
				CLANG_WARN_OBJC_ROOT_CLASS = YES_ERROR;
				CLANG_WARN_QUOTED_INCLUDE_IN_FRAMEWORK_HEADER = YES;
				CLANG_WARN_RANGE_LOOP_ANALYSIS = YES;
				CLANG_WARN_STRICT_PROTOTYPES = YES;
				CLANG_WARN_SUSPICIOUS_MOVE = YES;
				CLANG_WARN_UNGUARDED_AVAILABILITY = YES_AGGRESSIVE;
				CLANG_WARN_UNREACHABLE_CODE = YES;
				CLANG_WARN__DUPLICATE_METHOD_MATCH = YES;
				COPY_PHASE_STRIP = NO;
				DEBUG_INFORMATION_FORMAT = dwarf;
				ENABLE_STRICT_OBJC_MSGSEND = YES;
				ENABLE_TESTABILITY = YES;
				GCC_C_LANGUAGE_STANDARD = gnu11;
				GCC_DYNAMIC_NO_PIC = NO;
				GCC_NO_COMMON_BLOCKS = YES;
				GCC_OPTIMIZATION_LEVEL = 0;
				GCC_PREPROCESSOR_DEFINITIONS = (
					"DEBUG=1",
					"$(inherited)",
				);
				GCC_WARN_64_TO_32_BIT_CONVERSION = YES;
				GCC_WARN_ABOUT_RETURN_TYPE = YES_ERROR;
				GCC_WARN_UNDECLARED_SELECTOR = YES;
				GCC_WARN_UNINITIALIZED_AUTOS = YES_AGGRESSIVE;
				GCC_WARN_UNUSED_FUNCTION = YES;
				GCC_WARN_UNUSED_VARIABLE = YES;
				MACOSX_DEPLOYMENT_TARGET = 13.1;
				MTL_ENABLE_DEBUG_INFO = INCLUDE_SOURCE;
				MTL_FAST_MATH = YES;
				ONLY_ACTIVE_ARCH = YES;
				SDKROOT = macosx;
				SWIFT_ACTIVE_COMPILATION_CONDITIONS = DEBUG;
				SWIFT_OPTIMIZATION_LEVEL = "-Onone";
			};
			name = Debug;
		};
		FB41909229BC2DB200970F6B /* Release */ = {
			isa = XCBuildConfiguration;
			buildSettings = {
				ALWAYS_SEARCH_USER_PATHS = NO;
				CLANG_ANALYZER_NONNULL = YES;
				CLANG_ANALYZER_NUMBER_OBJECT_CONVERSION = YES_AGGRESSIVE;
				CLANG_CXX_LANGUAGE_STANDARD = "gnu++20";
				CLANG_ENABLE_MODULES = YES;
				CLANG_ENABLE_OBJC_ARC = YES;
				CLANG_ENABLE_OBJC_WEAK = YES;
				CLANG_WARN_BLOCK_CAPTURE_AUTORELEASING = YES;
				CLANG_WARN_BOOL_CONVERSION = YES;
				CLANG_WARN_COMMA = YES;
				CLANG_WARN_CONSTANT_CONVERSION = YES;
				CLANG_WARN_DEPRECATED_OBJC_IMPLEMENTATIONS = YES;
				CLANG_WARN_DIRECT_OBJC_ISA_USAGE = YES_ERROR;
				CLANG_WARN_DOCUMENTATION_COMMENTS = YES;
				CLANG_WARN_EMPTY_BODY = YES;
				CLANG_WARN_ENUM_CONVERSION = YES;
				CLANG_WARN_INFINITE_RECURSION = YES;
				CLANG_WARN_INT_CONVERSION = YES;
				CLANG_WARN_NON_LITERAL_NULL_CONVERSION = YES;
				CLANG_WARN_OBJC_IMPLICIT_RETAIN_SELF = YES;
				CLANG_WARN_OBJC_LITERAL_CONVERSION = YES;
				CLANG_WARN_OBJC_ROOT_CLASS = YES_ERROR;
				CLANG_WARN_QUOTED_INCLUDE_IN_FRAMEWORK_HEADER = YES;
				CLANG_WARN_RANGE_LOOP_ANALYSIS = YES;
				CLANG_WARN_STRICT_PROTOTYPES = YES;
				CLANG_WARN_SUSPICIOUS_MOVE = YES;
				CLANG_WARN_UNGUARDED_AVAILABILITY = YES_AGGRESSIVE;
				CLANG_WARN_UNREACHABLE_CODE = YES;
				CLANG_WARN__DUPLICATE_METHOD_MATCH = YES;
				COPY_PHASE_STRIP = NO;
				DEBUG_INFORMATION_FORMAT = "dwarf-with-dsym";
				ENABLE_NS_ASSERTIONS = NO;
				ENABLE_STRICT_OBJC_MSGSEND = YES;
				GCC_C_LANGUAGE_STANDARD = gnu11;
				GCC_NO_COMMON_BLOCKS = YES;
				GCC_WARN_64_TO_32_BIT_CONVERSION = YES;
				GCC_WARN_ABOUT_RETURN_TYPE = YES_ERROR;
				GCC_WARN_UNDECLARED_SELECTOR = YES;
				GCC_WARN_UNINITIALIZED_AUTOS = YES_AGGRESSIVE;
				GCC_WARN_UNUSED_FUNCTION = YES;
				GCC_WARN_UNUSED_VARIABLE = YES;
				MACOSX_DEPLOYMENT_TARGET = 13.1;
				MTL_ENABLE_DEBUG_INFO = NO;
				MTL_FAST_MATH = YES;
				SDKROOT = macosx;
				SWIFT_COMPILATION_MODE = wholemodule;
				SWIFT_OPTIMIZATION_LEVEL = "-O";
			};
			name = Release;
		};
		FB41909429BC2DB200970F6B /* Debug */ = {
			isa = XCBuildConfiguration;
			buildSettings = {
				CODE_SIGN_STYLE = Automatic;
				PRODUCT_NAME = "$(TARGET_NAME)";
				SWIFT_VERSION = 5.0;
			};
			name = Debug;
		};
		FB41909529BC2DB200970F6B /* Release */ = {
			isa = XCBuildConfiguration;
			buildSettings = {
				CODE_SIGN_STYLE = Automatic;
				PRODUCT_NAME = "$(TARGET_NAME)";
				SWIFT_VERSION = 5.0;
			};
			name = Release;
		};
/* End XCBuildConfiguration section */

/* Begin XCConfigurationList section */
		FB41908729BC2DB200970F6B /* Build configuration list for PBXProject "POP_test" */ = {
			isa = XCConfigurationList;
			buildConfigurations = (
				FB41909129BC2DB200970F6B /* Debug */,
				FB41909229BC2DB200970F6B /* Release */,
			);
			defaultConfigurationIsVisible = 0;
			defaultConfigurationName = Release;
		};
		FB41909329BC2DB200970F6B /* Build configuration list for PBXNativeTarget "POP_test" */ = {
			isa = XCConfigurationList;
			buildConfigurations = (
				FB41909429BC2DB200970F6B /* Debug */,
				FB41909529BC2DB200970F6B /* Release */,
			);
			defaultConfigurationIsVisible = 0;
			defaultConfigurationName = Release;
		};
/* End XCConfigurationList section */
	};
	rootObject = FB41908429BC2DB200970F6B /* Project object */;
}
